lockfileVersion: '9.0'

settings:
  autoInstallPeers: true
  excludeLinksFromLockfile: false

importers:

  .:
    dependencies:
      arktype:
        specifier: 2.0.0-beta.6
        version: 2.0.0-beta.6
    devDependencies:
      '@ark/util':
        specifier: ^0.2.2
        version: 0.2.2
      typescript:
        specifier: ^5.5.4
        version: 5.5.4

packages:

  '@ark/schema@0.3.3':
    resolution: {integrity: sha512-SA4QggzaKHxkNB+faWmhSJbCPMHmGBCpb6dNG3VIt5VOMZhZJJSD76/tOUzQvvJNzztHkTakrTZea+iKsEDcRQ==}

  '@ark/util@0.2.2':
    resolution: {integrity: sha512-ryZ4+f3SlReQRH9nTFLK5EeU1Pan5ZfS+ACPSk0ir5uujJouFmvOdnkVfeAJAgeOb3kKmUM9kjelv1cwH2ScZg==}

  arktype@2.0.0-beta.6:
    resolution: {integrity: sha512-tbH5/h0z371sgrJIAhZhH2BcrErWv8uQIPVcLmknJ8ffov5/ZbMNufrQ3hG9avGKTcVnVmdQoPhl1WuKuagqXA==}

  typescript@5.5.4:
    resolution: {integrity: sha512-Mtq29sKDAEYP7aljRgtPOpTvOfbwRWlS6dPRzwjdE+C0R4brX/GUyhHSecbHMFLNBLcJIPt9nl9yG5TZ1weH+Q==}
    engines: {node: '>=14.17'}
    hasBin: true

snapshots:

  '@ark/schema@0.3.3':
    dependencies:
      '@ark/util': 0.2.2

  '@ark/util@0.2.2': {}

  arktype@2.0.0-beta.6:
    dependencies:
      '@ark/schema': 0.3.3
      '@ark/util': 0.2.2

  typescript@5.5.4: {}
